// !$*UTF8*$!
{
	archiveVersion = 1;
	classes = {
	};
	objectVersion = 55;
	objects = {

/* Begin PBXBuildFile section */
		692A864B276DE00600FC8DAD /* AppDelegate.swift in Sources */ = {isa = PBXBuildFile; fileRef = 692A864A276DE00600FC8DAD /* AppDelegate.swift */; };
		692A864D276DE00600FC8DAD /* SceneDelegate.swift in Sources */ = {isa = PBXBuildFile; fileRef = 692A864C276DE00600FC8DAD /* SceneDelegate.swift */; };
		692A864F276DE00600FC8DAD /* ViewController.swift in Sources */ = {isa = PBXBuildFile; fileRef = 692A864E276DE00600FC8DAD /* ViewController.swift */; };
		692A8652276DE00600FC8DAD /* Main.storyboard in Resources */ = {isa = PBXBuildFile; fileRef = 692A8650276DE00600FC8DAD /* Main.storyboard */; };
		692A8654276DE00A00FC8DAD /* Assets.xcassets in Resources */ = {isa = PBXBuildFile; fileRef = 692A8653276DE00A00FC8DAD /* Assets.xcassets */; };
		692A8657276DE00A00FC8DAD /* LaunchScreen.storyboard in Resources */ = {isa = PBXBuildFile; fileRef = 692A8655276DE00A00FC8DAD /* LaunchScreen.storyboard */; };
		692A8663276DE08900FC8DAD /* BluetoothManager.swift in Sources */ = {isa = PBXBuildFile; fileRef = 692A865E276DE08900FC8DAD /* BluetoothManager.swift */; };
		692A8664276DE08900FC8DAD /* CadenceSensor.swift in Sources */ = {isa = PBXBuildFile; fileRef = 692A865F276DE08900FC8DAD /* CadenceSensor.swift */; };
		692A8665276DE08900FC8DAD /* InfoTableViewController.swift in Sources */ = {isa = PBXBuildFile; fileRef = 692A8660276DE08900FC8DAD /* InfoTableViewController.swift */; };
		692A8666276DE08900FC8DAD /* Measurement.swift in Sources */ = {isa = PBXBuildFile; fileRef = 692A8661276DE08900FC8DAD /* Measurement.swift */; };
		692A8667276DE08900FC8DAD /* ScanViewController.swift in Sources */ = {isa = PBXBuildFile; fileRef = 692A8662276DE08900FC8DAD /* ScanViewController.swift */; };
/* End PBXBuildFile section */

/* Begin PBXFileReference section */
		692A8647276DE00600FC8DAD /* BicycleSpeed.app */ = {isa = PBXFileReference; explicitFileType = wrapper.application; includeInIndex = 0; path = BicycleSpeed.app; sourceTree = BUILT_PRODUCTS_DIR; };
		692A864A276DE00600FC8DAD /* AppDelegate.swift */ = {isa = PBXFileReference; lastKnownFileType = sourcecode.swift; path = AppDelegate.swift; sourceTree = "<group>"; };
		692A864C276DE00600FC8DAD /* SceneDelegate.swift */ = {isa = PBXFileReference; lastKnownFileType = sourcecode.swift; path = SceneDelegate.swift; sourceTree = "<group>"; };
		692A864E276DE00600FC8DAD /* ViewController.swift */ = {isa = PBXFileReference; lastKnownFileType = sourcecode.swift; path = ViewController.swift; sourceTree = "<group>"; };
		692A8651276DE00600FC8DAD /* Base */ = {isa = PBXFileReference; lastKnownFileType = file.storyboard; name = Base; path = Base.lproj/Main.storyboard; sourceTree = "<group>"; };
		692A8653276DE00A00FC8DAD /* Assets.xcassets */ = {isa = PBXFileReference; lastKnownFileType = folder.assetcatalog; path = Assets.xcassets; sourceTree = "<group>"; };
		692A8656276DE00A00FC8DAD /* Base */ = {isa = PBXFileReference; lastKnownFileType = file.storyboard; name = Base; path = Base.lproj/LaunchScreen.storyboard; sourceTree = "<group>"; };
		692A8658276DE00A00FC8DAD /* Info.plist */ = {isa = PBXFileReference; lastKnownFileType = text.plist.xml; path = Info.plist; sourceTree = "<group>"; };
		692A865E276DE08900FC8DAD /* BluetoothManager.swift */ = {isa = PBXFileReference; fileEncoding = 4; lastKnownFileType = sourcecode.swift; path = BluetoothManager.swift; sourceTree = "<group>"; };
		692A865F276DE08900FC8DAD /* CadenceSensor.swift */ = {isa = PBXFileReference; fileEncoding = 4; lastKnownFileType = sourcecode.swift; path = CadenceSensor.swift; sourceTree = "<group>"; };
		692A8660276DE08900FC8DAD /* InfoTableViewController.swift */ = {isa = PBXFileReference; fileEncoding = 4; lastKnownFileType = sourcecode.swift; path = InfoTableViewController.swift; sourceTree = "<group>"; };
		692A8661276DE08900FC8DAD /* Measurement.swift */ = {isa = PBXFileReference; fileEncoding = 4; lastKnownFileType = sourcecode.swift; path = Measurement.swift; sourceTree = "<group>"; };
		692A8662276DE08900FC8DAD /* ScanViewController.swift */ = {isa = PBXFileReference; fileEncoding = 4; lastKnownFileType = sourcecode.swift; path = ScanViewController.swift; sourceTree = "<group>"; };
/* End PBXFileReference section */

/* Begin PBXFrameworksBuildPhase section */
		692A8644276DE00600FC8DAD /* Frameworks */ = {
			isa = PBXFrameworksBuildPhase;
			buildActionMask = 2147483647;
			files = (
			);
			runOnlyForDeploymentPostprocessing = 0;
		};
/* End PBXFrameworksBuildPhase section */

/* Begin PBXGroup section */
		692A863E276DE00600FC8DAD = {
			isa = PBXGroup;
			children = (
				692A8649276DE00600FC8DAD /* BicycleSpeed */,
				692A8648276DE00600FC8DAD /* Products */,
			);
			sourceTree = "<group>";
		};
		692A8648276DE00600FC8DAD /* Products */ = {
			isa = PBXGroup;
			children = (
				692A8647276DE00600FC8DAD /* BicycleSpeed.app */,
			);
			name = Products;
			sourceTree = "<group>";
		};
		692A8649276DE00600FC8DAD /* BicycleSpeed */ = {
			isa = PBXGroup;
			children = (
				692A864C276DE00600FC8DAD /* SceneDelegate.swift */,
				692A864A276DE00600FC8DAD /* AppDelegate.swift */,
				692A8658276DE00A00FC8DAD /* Info.plist */,
				692A8653276DE00A00FC8DAD /* Assets.xcassets */,
				692A865E276DE08900FC8DAD /* BluetoothManager.swift */,
				692A865F276DE08900FC8DAD /* CadenceSensor.swift */,
				692A8660276DE08900FC8DAD /* InfoTableViewController.swift */,
				692A8655276DE00A00FC8DAD /* LaunchScreen.storyboard */,
				692A8650276DE00600FC8DAD /* Main.storyboard */,
				692A8661276DE08900FC8DAD /* Measurement.swift */,
				692A8662276DE08900FC8DAD /* ScanViewController.swift */,
				692A864E276DE00600FC8DAD /* ViewController.swift */,
			);
			path = BicycleSpeed;
			sourceTree = "<group>";
		};
/* End PBXGroup section */

/* Begin PBXNativeTarget section */
		692A8646276DE00600FC8DAD /* BicycleSpeed */ = {
			isa = PBXNativeTarget;
			buildConfigurationList = 692A865B276DE00A00FC8DAD /* Build configuration list for PBXNativeTarget "BicycleSpeed" */;
			buildPhases = (
				692A8643276DE00600FC8DAD /* Sources */,
				692A8644276DE00600FC8DAD /* Frameworks */,
				692A8645276DE00600FC8DAD /* Resources */,
			);
			buildRules = (
			);
			dependencies = (
			);
			name = BicycleSpeed;
			productName = BicycleSpeed;
			productReference = 692A8647276DE00600FC8DAD /* BicycleSpeed.app */;
			productType = "com.apple.product-type.application";
		};
/* End PBXNativeTarget section */

/* Begin PBXProject section */
		692A863F276DE00600FC8DAD /* Project object */ = {
			isa = PBXProject;
			attributes = {
				BuildIndependentTargetsInParallel = 1;
				LastSwiftUpdateCheck = 1320;
				LastUpgradeCheck = 1320;
				TargetAttributes = {
					692A8646276DE00600FC8DAD = {
						CreatedOnToolsVersion = 13.2;
					};
				};
			};
			buildConfigurationList = 692A8642276DE00600FC8DAD /* Build configuration list for PBXProject "BicycleSpeed" */;
			compatibilityVersion = "Xcode 13.0";
			developmentRegion = en;
			hasScannedForEncodings = 0;
			knownRegions = (
				en,
				Base,
			);
			mainGroup = 692A863E276DE00600FC8DAD;
			productRefGroup = 692A8648276DE00600FC8DAD /* Products */;
			projectDirPath = "";
			projectRoot = "";
			targets = (
				692A8646276DE00600FC8DAD /* BicycleSpeed */,
			);
		};
/* End PBXProject section */

/* Begin PBXResourcesBuildPhase section */
		692A8645276DE00600FC8DAD /* Resources */ = {
			isa = PBXResourcesBuildPhase;
			buildActionMask = 2147483647;
			files = (
				692A8657276DE00A00FC8DAD /* LaunchScreen.storyboard in Resources */,
				692A8654276DE00A00FC8DAD /* Assets.xcassets in Resources */,
				692A8652276DE00600FC8DAD /* Main.storyboard in Resources */,
			);
			runOnlyForDeploymentPostprocessing = 0;
		};
/* End PBXResourcesBuildPhase section */

/* Begin PBXSourcesBuildPhase section */
		692A8643276DE00600FC8DAD /* Sources */ = {
			isa = PBXSourcesBuildPhase;
			buildActionMask = 2147483647;
			files = (
				692A8664276DE08900FC8DAD /* CadenceSensor.swift in Sources */,
				692A864F276DE00600FC8DAD /* ViewController.swift in Sources */,
				692A864B276DE00600FC8DAD /* AppDelegate.swift in Sources */,
				692A8665276DE08900FC8DAD /* InfoTableViewController.swift in Sources */,
				692A8663276DE08900FC8DAD /* BluetoothManager.swift in Sources */,
				692A864D276DE00600FC8DAD /* SceneDelegate.swift in Sources */,
				692A8666276DE08900FC8DAD /* Measurement.swift in Sources */,
				692A8667276DE08900FC8DAD /* ScanViewController.swift in Sources */,
			);
			runOnlyForDeploymentPostprocessing = 0;
		};
/* End PBXSourcesBuildPhase section */

/* Begin PBXVariantGroup section */
		692A8650276DE00600FC8DAD /* Main.storyboard */ = {
			isa = PBXVariantGroup;
			children = (
				692A8651276DE00600FC8DAD /* Base */,
			);
			name = Main.storyboard;
			sourceTree = "<group>";
		};
		692A8655276DE00A00FC8DAD /* LaunchScreen.storyboard */ = {
			isa = PBXVariantGroup;
			children = (
				692A8656276DE00A00FC8DAD /* Base */,
			);
			name = LaunchScreen.storyboard;
			sourceTree = "<group>";
		};
/* End PBXVariantGroup section */

/* Begin XCBuildConfiguration section */
		692A8659276DE00A00FC8DAD /* Debug */ = {
			isa = XCBuildConfiguration;
			buildSettings = {
				ALWAYS_SEARCH_USER_PATHS = NO;
				CLANG_ANALYZER_NONNULL = YES;
				CLANG_ANALYZER_NUMBER_OBJECT_CONVERSION = YES_AGGRESSIVE;
				CLANG_CXX_LANGUAGE_STANDARD = "gnu++17";
				CLANG_CXX_LIBRARY = "libc++";
				CLANG_ENABLE_MODULES = YES;
				CLANG_ENABLE_OBJC_ARC = YES;
				CLANG_ENABLE_OBJC_WEAK = YES;
				CLANG_WARN_BLOCK_CAPTURE_AUTORELEASING = YES;
				CLANG_WARN_BOOL_CONVERSION = YES;
				CLANG_WARN_COMMA = YES;
				CLANG_WARN_CONSTANT_CONVERSION = YES;
				CLANG_WARN_DEPRECATED_OBJC_IMPLEMENTATIONS = YES;
				CLANG_WARN_DIRECT_OBJC_ISA_USAGE = YES_ERROR;
				CLANG_WARN_DOCUMENTATION_COMMENTS = YES;
				CLANG_WARN_EMPTY_BODY = YES;
				CLANG_WARN_ENUM_CONVERSION = YES;
				CLANG_WARN_INFINITE_RECURSION = YES;
				CLANG_WARN_INT_CONVERSION = YES;
				CLANG_WARN_NON_LITERAL_NULL_CONVERSION = YES;
				CLANG_WARN_OBJC_IMPLICIT_RETAIN_SELF = YES;
				CLANG_WARN_OBJC_LITERAL_CONVERSION = YES;
				CLANG_WARN_OBJC_ROOT_CLASS = YES_ERROR;
				CLANG_WARN_QUOTED_INCLUDE_IN_FRAMEWORK_HEADER = YES;
				CLANG_WARN_RANGE_LOOP_ANALYSIS = YES;
				CLANG_WARN_STRICT_PROTOTYPES = YES;
				CLANG_WARN_SUSPICIOUS_MOVE = YES;
				CLANG_WARN_UNGUARDED_AVAILABILITY = YES_AGGRESSIVE;
				CLANG_WARN_UNREACHABLE_CODE = YES;
				CLANG_WARN__DUPLICATE_METHOD_MATCH = YES;
				COPY_PHASE_STRIP = NO;
				DEBUG_INFORMATION_FORMAT = dwarf;
				ENABLE_STRICT_OBJC_MSGSEND = YES;
				ENABLE_TESTABILITY = YES;
				GCC_C_LANGUAGE_STANDARD = gnu11;
				GCC_DYNAMIC_NO_PIC = NO;
				GCC_NO_COMMON_BLOCKS = YES;
				GCC_OPTIMIZATION_LEVEL = 0;
				GCC_PREPROCESSOR_DEFINITIONS = (
					"DEBUG=1",
					"$(inherited)",
				);
				GCC_WARN_64_TO_32_BIT_CONVERSION = YES;
				GCC_WARN_ABOUT_RETURN_TYPE = YES_ERROR;
				GCC_WARN_UNDECLARED_SELECTOR = YES;
				GCC_WARN_UNINITIALIZED_AUTOS = YES_AGGRESSIVE;
				GCC_WARN_UNUSED_FUNCTION = YES;
				GCC_WARN_UNUSED_VARIABLE = YES;
				IPHONEOS_DEPLOYMENT_TARGET = 15.2;
				MTL_ENABLE_DEBUG_INFO = INCLUDE_SOURCE;
				MTL_FAST_MATH = YES;
				ONLY_ACTIVE_ARCH = YES;
				SDKROOT = iphoneos;
				SWIFT_ACTIVE_COMPILATION_CONDITIONS = DEBUG;
				SWIFT_OPTIMIZATION_LEVEL = "-Onone";
			};
			name = Debug;
		};
		692A865A276DE00A00FC8DAD /* Release */ = {
			isa = XCBuildConfiguration;
			buildSettings = {
				ALWAYS_SEARCH_USER_PATHS = NO;
				CLANG_ANALYZER_NONNULL = YES;
				CLANG_ANALYZER_NUMBER_OBJECT_CONVERSION = YES_AGGRESSIVE;
				CLANG_CXX_LANGUAGE_STANDARD = "gnu++17";
				CLANG_CXX_LIBRARY = "libc++";
				CLANG_ENABLE_MODULES = YES;
				CLANG_ENABLE_OBJC_ARC = YES;
				CLANG_ENABLE_OBJC_WEAK = YES;
				CLANG_WARN_BLOCK_CAPTURE_AUTORELEASING = YES;
				CLANG_WARN_BOOL_CONVERSION = YES;
				CLANG_WARN_COMMA = YES;
				CLANG_WARN_CONSTANT_CONVERSION = YES;
				CLANG_WARN_DEPRECATED_OBJC_IMPLEMENTATIONS = YES;
				CLANG_WARN_DIRECT_OBJC_ISA_USAGE = YES_ERROR;
				CLANG_WARN_DOCUMENTATION_COMMENTS = YES;
				CLANG_WARN_EMPTY_BODY = YES;
				CLANG_WARN_ENUM_CONVERSION = YES;
				CLANG_WARN_INFINITE_RECURSION = YES;
				CLANG_WARN_INT_CONVERSION = YES;
				CLANG_WARN_NON_LITERAL_NULL_CONVERSION = YES;
				CLANG_WARN_OBJC_IMPLICIT_RETAIN_SELF = YES;
				CLANG_WARN_OBJC_LITERAL_CONVERSION = YES;
				CLANG_WARN_OBJC_ROOT_CLASS = YES_ERROR;
				CLANG_WARN_QUOTED_INCLUDE_IN_FRAMEWORK_HEADER = YES;
				CLANG_WARN_RANGE_LOOP_ANALYSIS = YES;
				CLANG_WARN_STRICT_PROTOTYPES = YES;
				CLANG_WARN_SUSPICIOUS_MOVE = YES;
				CLANG_WARN_UNGUARDED_AVAILABILITY = YES_AGGRESSIVE;
				CLANG_WARN_UNREACHABLE_CODE = YES;
				CLANG_WARN__DUPLICATE_METHOD_MATCH = YES;
				COPY_PHASE_STRIP = NO;
				DEBUG_INFORMATION_FORMAT = "dwarf-with-dsym";
				ENABLE_NS_ASSERTIONS = NO;
				ENABLE_STRICT_OBJC_MSGSEND = YES;
				GCC_C_LANGUAGE_STANDARD = gnu11;
				GCC_NO_COMMON_BLOCKS = YES;
				GCC_WARN_64_TO_32_BIT_CONVERSION = YES;
				GCC_WARN_ABOUT_RETURN_TYPE = YES_ERROR;
				GCC_WARN_UNDECLARED_SELECTOR = YES;
				GCC_WARN_UNINITIALIZED_AUTOS = YES_AGGRESSIVE;
				GCC_WARN_UNUSED_FUNCTION = YES;
				GCC_WARN_UNUSED_VARIABLE = YES;
				IPHONEOS_DEPLOYMENT_TARGET = 15.2;
				MTL_ENABLE_DEBUG_INFO = NO;
				MTL_FAST_MATH = YES;
				SDKROOT = iphoneos;
				SWIFT_COMPILATION_MODE = wholemodule;
				SWIFT_OPTIMIZATION_LEVEL = "-O";
				VALIDATE_PRODUCT = YES;
			};
			name = Release;
		};
		692A865C276DE00A00FC8DAD /* Debug */ = {
			isa = XCBuildConfiguration;
			buildSettings = {
				ASSETCATALOG_COMPILER_APPICON_NAME = AppIcon;
				ASSETCATALOG_COMPILER_GLOBAL_ACCENT_COLOR_NAME = AccentColor;
				CODE_SIGN_STYLE = Automatic;
				CURRENT_PROJECT_VERSION = 1;
				DEVELOPMENT_TEAM = 88S977MLQX;
				GENERATE_INFOPLIST_FILE = YES;
				INFOPLIST_FILE = BicycleSpeed/Info.plist;
				INFOPLIST_KEY_NSBluetoothAlwaysUsageDescription = "This application uses bluetooth.";
				INFOPLIST_KEY_UIApplicationSupportsIndirectInputEvents = YES;
				INFOPLIST_KEY_UILaunchStoryboardName = LaunchScreen;
				INFOPLIST_KEY_UIMainStoryboardFile = Main;
				INFOPLIST_KEY_UISupportedInterfaceOrientations_iPad = "UIInterfaceOrientationPortrait UIInterfaceOrientationPortraitUpsideDown UIInterfaceOrientationLandscapeLeft UIInterfaceOrientationLandscapeRight";
				INFOPLIST_KEY_UISupportedInterfaceOrientations_iPhone = "UIInterfaceOrientationPortrait UIInterfaceOrientationLandscapeLeft UIInterfaceOrientationLandscapeRight";
				IPHONEOS_DEPLOYMENT_TARGET = 15.1;
				LD_RUNPATH_SEARCH_PATHS = (
					"$(inherited)",
					"@executable_path/Frameworks",
				);
				MARKETING_VERSION = 1.0;
				PRODUCT_BUNDLE_IDENTIFIER = com.example.test.BicycleSpeed;
				PRODUCT_NAME = "$(TARGET_NAME)";
				SWIFT_EMIT_LOC_STRINGS = YES;
				SWIFT_VERSION = 5.0;
				TARGETED_DEVICE_FAMILY = "1,2";
			};
			name = Debug;
		};
		692A865D276DE00A00FC8DAD /* Release */ = {
			isa = XCBuildConfiguration;
			buildSettings = {
				ASSETCATALOG_COMPILER_APPICON_NAME = AppIcon;
				ASSETCATALOG_COMPILER_GLOBAL_ACCENT_COLOR_NAME = AccentColor;
				CODE_SIGN_STYLE = Automatic;
				CURRENT_PROJECT_VERSION = 1;
				DEVELOPMENT_TEAM = 88S977MLQX;
				GENERATE_INFOPLIST_FILE = YES;
				INFOPLIST_FILE = BicycleSpeed/Info.plist;
				INFOPLIST_KEY_NSBluetoothAlwaysUsageDescription = "This application uses bluetooth.";
				INFOPLIST_KEY_UIApplicationSupportsIndirectInputEvents = YES;
				INFOPLIST_KEY_UILaunchStoryboardName = LaunchScreen;
				INFOPLIST_KEY_UIMainStoryboardFile = Main;
				INFOPLIST_KEY_UISupportedInterfaceOrientations_iPad = "UIInterfaceOrientationPortrait UIInterfaceOrientationPortraitUpsideDown UIInterfaceOrientationLandscapeLeft UIInterfaceOrientationLandscapeRight";
				INFOPLIST_KEY_UISupportedInterfaceOrientations_iPhone = "UIInterfaceOrientationPortrait UIInterfaceOrientationLandscapeLeft UIInterfaceOrientationLandscapeRight";
				IPHONEOS_DEPLOYMENT_TARGET = 15.1;
				LD_RUNPATH_SEARCH_PATHS = (
					"$(inherited)",
					"@executable_path/Frameworks",
				);
				MARKETING_VERSION = 1.0;
				PRODUCT_BUNDLE_IDENTIFIER = com.example.test.BicycleSpeed;
				PRODUCT_NAME = "$(TARGET_NAME)";
				SWIFT_EMIT_LOC_STRINGS = YES;
				SWIFT_VERSION = 5.0;
				TARGETED_DEVICE_FAMILY = "1,2";
			};
			name = Release;
		};
/* End XCBuildConfiguration section */

/* Begin XCConfigurationList section */
		692A8642276DE00600FC8DAD /* Build configuration list for PBXProject "BicycleSpeed" */ = {
			isa = XCConfigurationList;
			buildConfigurations = (
				692A8659276DE00A00FC8DAD /* Debug */,
				692A865A276DE00A00FC8DAD /* Release */,
			);
			defaultConfigurationIsVisible = 0;
			defaultConfigurationName = Release;
		};
		692A865B276DE00A00FC8DAD /* Build configuration list for PBXNativeTarget "BicycleSpeed" */ = {
			isa = XCConfigurationList;
			buildConfigurations = (
				692A865C276DE00A00FC8DAD /* Debug */,
				692A865D276DE00A00FC8DAD /* Release */,
			);
			defaultConfigurationIsVisible = 0;
			defaultConfigurationName = Release;
		};
/* End XCConfigurationList section */
	};
	rootObject = 692A863F276DE00600FC8DAD /* Project object */;
}
